
Microsoft Visual Studio Solution File, Format Version 12.00
# Visual Studio 15
VisualStudioVersion = 15.0.27004.2005
MinimumVisualStudioVersion = 10.0.40219.1
Project("{FAE04EC0-301F-11D3-BF4B-00C04F79EFBC}") = "Autho_MVA-3", "Autho_MVA-3\Autho_MVA-3.csproj", "{37BF1F4F-4807-495D-9EC6-69AE1B843DB8}"
EndProject
Global
	GlobalSection(SolutionConfigurationPlatforms) = preSolution
		Debug|Any CPU = Debug|Any CPU
		Release|Any CPU = Release|Any CPU
	EndGlobalSection
	GlobalSection(ProjectConfigurationPlatforms) = postSolution
		{37BF1F4F-4807-495D-9EC6-69AE1B843DB8}.Debug|Any CPU.ActiveCfg = Debug|Any CPU
		{37BF1F4F-4807-495D-9EC6-69AE1B843DB8}.Debug|Any CPU.Build.0 = Debug|Any CPU
		{37BF1F4F-4807-495D-9EC6-69AE1B843DB8}.Release|Any CPU.ActiveCfg = Release|Any CPU
		{37BF1F4F-4807-495D-9EC6-69AE1B843DB8}.Release|Any CPU.Build.0 = Release|Any CPU
	EndGlobalSection
	GlobalSection(SolutionProperties) = preSolution
		HideSolutionNode = FALSE
	EndGlobalSection
	GlobalSection(ExtensibilityGlobals) = postSolution
		SolutionGuid = {318537F9-9D42-4FD4-A752-DDD8F9266BFC}
	EndGlobalSection
EndGlobal
